
Microsoft Visual Studio Solution File, Format Version 12.00
# Visual Studio Version 16
VisualStudioVersion = 16.0.29509.3
MinimumVisualStudioVersion = 10.0.40219.1
Project("{8BC9CEB8-8B4A-11D0-8D11-00A0C91BC942}") = "lab13_1", "lab12\lab12.vcxproj", "{582AF299-4950-40AC-979E-C2A0DAB096DA}"
EndProject
Project("{8BC9CEB8-8B4A-11D0-8D11-00A0C91BC942}") = "13_2", "lab12_2\lab12_2.vcxproj", "{A1906668-4DD1-4765-A3F3-DAB5C39D7D96}"
EndProject
Project("{8BC9CEB8-8B4A-11D0-8D11-00A0C91BC942}") = "13_3", "lab14\lab14.vcxproj", "{5D17B3A5-6D5D-4E96-AB63-78AA5B01997A}"
EndProject
Global
	GlobalSection(SolutionConfigurationPlatforms) = preSolution
		Debug|x64 = Debug|x64
		Debug|x86 = Debug|x86
		Release|x64 = Release|x64
		Release|x86 = Release|x86
	EndGlobalSection
	GlobalSection(ProjectConfigurationPlatforms) = postSolution
		{582AF299-4950-40AC-979E-C2A0DAB096DA}.Debug|x64.ActiveCfg = Debug|x64
		{582AF299-4950-40AC-979E-C2A0DAB096DA}.Debug|x64.Build.0 = Debug|x64
		{582AF299-4950-40AC-979E-C2A0DAB096DA}.Debug|x86.ActiveCfg = Debug|Win32
		{582AF299-4950-40AC-979E-C2A0DAB096DA}.Debug|x86.Build.0 = Debug|Win32
		{582AF299-4950-40AC-979E-C2A0DAB096DA}.Release|x64.ActiveCfg = Release|x64
		{582AF299-4950-40AC-979E-C2A0DAB096DA}.Release|x64.Build.0 = Release|x64
		{582AF299-4950-40AC-979E-C2A0DAB096DA}.Release|x86.ActiveCfg = Release|Win32
		{582AF299-4950-40AC-979E-C2A0DAB096DA}.Release|x86.Build.0 = Release|Win32
		{A1906668-4DD1-4765-A3F3-DAB5C39D7D96}.Debug|x64.ActiveCfg = Debug|x64
		{A1906668-4DD1-4765-A3F3-DAB5C39D7D96}.Debug|x64.Build.0 = Debug|x64
		{A1906668-4DD1-4765-A3F3-DAB5C39D7D96}.Debug|x86.ActiveCfg = Debug|Win32
		{A1906668-4DD1-4765-A3F3-DAB5C39D7D96}.Debug|x86.Build.0 = Debug|Win32
		{A1906668-4DD1-4765-A3F3-DAB5C39D7D96}.Release|x64.ActiveCfg = Release|x64
		{A1906668-4DD1-4765-A3F3-DAB5C39D7D96}.Release|x64.Build.0 = Release|x64
		{A1906668-4DD1-4765-A3F3-DAB5C39D7D96}.Release|x86.ActiveCfg = Release|Win32
		{A1906668-4DD1-4765-A3F3-DAB5C39D7D96}.Release|x86.Build.0 = Release|Win32
		{5D17B3A5-6D5D-4E96-AB63-78AA5B01997A}.Debug|x64.ActiveCfg = Debug|x64
		{5D17B3A5-6D5D-4E96-AB63-78AA5B01997A}.Debug|x64.Build.0 = Debug|x64
		{5D17B3A5-6D5D-4E96-AB63-78AA5B01997A}.Debug|x86.ActiveCfg = Debug|Win32
		{5D17B3A5-6D5D-4E96-AB63-78AA5B01997A}.Debug|x86.Build.0 = Debug|Win32
		{5D17B3A5-6D5D-4E96-AB63-78AA5B01997A}.Release|x64.ActiveCfg = Release|x64
		{5D17B3A5-6D5D-4E96-AB63-78AA5B01997A}.Release|x64.Build.0 = Release|x64
		{5D17B3A5-6D5D-4E96-AB63-78AA5B01997A}.Release|x86.ActiveCfg = Release|Win32
		{5D17B3A5-6D5D-4E96-AB63-78AA5B01997A}.Release|x86.Build.0 = Release|Win32
	EndGlobalSection
	GlobalSection(SolutionProperties) = preSolution
		HideSolutionNode = FALSE
	EndGlobalSection
	GlobalSection(ExtensibilityGlobals) = postSolution
		SolutionGuid = {A91EACA5-3EA7-49A3-B339-C46A5AEE6EA5}
	EndGlobalSection
EndGlobal
